
Microsoft Visual Studio Solution File, Format Version 12.00
# Visual Studio Version 17
VisualStudioVersion = 17.1.32228.430
MinimumVisualStudioVersion = 10.0.40219.1
Project("{FAE04EC0-301F-11D3-BF4B-00C04F79EFBC}") = "ParallelObject", "ParallelObject\ParallelObject.csproj", "{D005169C-A8C7-4282-A387-1042F6802B84}"
EndProject
Global
	GlobalSection(SolutionConfigurationPlatforms) = preSolution
		Debug|Any CPU = Debug|Any CPU
		Release|Any CPU = Release|Any CPU
	EndGlobalSection
	GlobalSection(ProjectConfigurationPlatforms) = postSolution
		{D005169C-A8C7-4282-A387-1042F6802B84}.Debug|Any CPU.ActiveCfg = Debug|Any CPU
		{D005169C-A8C7-4282-A387-1042F6802B84}.Debug|Any CPU.Build.0 = Debug|Any CPU
		{D005169C-A8C7-4282-A387-1042F6802B84}.Release|Any CPU.ActiveCfg = Release|Any CPU
		{D005169C-A8C7-4282-A387-1042F6802B84}.Release|Any CPU.Build.0 = Release|Any CPU
	EndGlobalSection
	GlobalSection(SolutionProperties) = preSolution
		HideSolutionNode = FALSE
	EndGlobalSection
	GlobalSection(ExtensibilityGlobals) = postSolution
		SolutionGuid = {3606C001-57C3-4465-BF0D-7AA337C2E7B0}
	EndGlobalSection
EndGlobal
